// !$*UTF8*$!
{
	archiveVersion = 1;
	classes = {
	};
	objectVersion = 56;
	objects = {

/* Begin PBXBuildFile section */
		4EDA84812B2D29DB005828BF /* InstagramCloneApp.swift in Sources */ = {isa = PBXBuildFile; fileRef = 4EDA84802B2D29DB005828BF /* InstagramCloneApp.swift */; };
		4EDA84832B2D29DB005828BF /* ContentView.swift in Sources */ = {isa = PBXBuildFile; fileRef = 4EDA84822B2D29DB005828BF /* ContentView.swift */; };
		4EDA84852B2D29DF005828BF /* Assets.xcassets in Resources */ = {isa = PBXBuildFile; fileRef = 4EDA84842B2D29DF005828BF /* Assets.xcassets */; };
		4EDA84882B2D29DF005828BF /* Preview Assets.xcassets in Resources */ = {isa = PBXBuildFile; fileRef = 4EDA84872B2D29DF005828BF /* Preview Assets.xcassets */; };
		4EDA849C2B2D347F005828BF /* MainTabView.swift in Sources */ = {isa = PBXBuildFile; fileRef = 4EDA849B2B2D347F005828BF /* MainTabView.swift */; };
		4EDA849E2B2DFDE9005828BF /* ProfileView.swift in Sources */ = {isa = PBXBuildFile; fileRef = 4EDA849D2B2DFDE9005828BF /* ProfileView.swift */; };
		4EDA84A12B2E0E9A005828BF /* UserStatView.swift in Sources */ = {isa = PBXBuildFile; fileRef = 4EDA84A02B2E0E9A005828BF /* UserStatView.swift */; };
		4EDA84A32B2E209E005828BF /* FeedView.swift in Sources */ = {isa = PBXBuildFile; fileRef = 4EDA84A22B2E209E005828BF /* FeedView.swift */; };
		4EDA84A52B2E20AF005828BF /* FeedCell.swift in Sources */ = {isa = PBXBuildFile; fileRef = 4EDA84A42B2E20AF005828BF /* FeedCell.swift */; };
		4EDA84A72B2E6A3C005828BF /* SearchView.swift in Sources */ = {isa = PBXBuildFile; fileRef = 4EDA84A62B2E6A3C005828BF /* SearchView.swift */; };
		4EDA84A92B2E783D005828BF /* LoginView.swift in Sources */ = {isa = PBXBuildFile; fileRef = 4EDA84A82B2E783D005828BF /* LoginView.swift */; };
		4EDA84AB2B307F7E005828BF /* AddEmailView.swift in Sources */ = {isa = PBXBuildFile; fileRef = 4EDA84AA2B307F7E005828BF /* AddEmailView.swift */; };
		4EDA84AD2B308533005828BF /* IGTextFieldModifier.swift in Sources */ = {isa = PBXBuildFile; fileRef = 4EDA84AC2B308533005828BF /* IGTextFieldModifier.swift */; };
		4EDA84AF2B309ACA005828BF /* User.swift in Sources */ = {isa = PBXBuildFile; fileRef = 4EDA84AE2B309ACA005828BF /* User.swift */; };
		4EDA84B12B30AC60005828BF /* CurrentUserProfileView.swift in Sources */ = {isa = PBXBuildFile; fileRef = 4EDA84B02B30AC60005828BF /* CurrentUserProfileView.swift */; };
		4EDA84B32B30E409005828BF /* Post.swift in Sources */ = {isa = PBXBuildFile; fileRef = 4EDA84B22B30E409005828BF /* Post.swift */; };
		4EDA84B52B30F3DF005828BF /* PostGridView.swift in Sources */ = {isa = PBXBuildFile; fileRef = 4EDA84B42B30F3DF005828BF /* PostGridView.swift */; };
		4EDA84B72B30F6D8005828BF /* ProfileHeaderView.swift in Sources */ = {isa = PBXBuildFile; fileRef = 4EDA84B62B30F6D8005828BF /* ProfileHeaderView.swift */; };
		4EDA84B92B3112D3005828BF /* UploadPostView.swift in Sources */ = {isa = PBXBuildFile; fileRef = 4EDA84B82B3112D3005828BF /* UploadPostView.swift */; };
		4EDA84BB2B3118FA005828BF /* UploadPostViewModel.swift in Sources */ = {isa = PBXBuildFile; fileRef = 4EDA84BA2B3118FA005828BF /* UploadPostViewModel.swift */; };
		4EDA84BD2B324495005828BF /* GoogleService-Info.plist in Resources */ = {isa = PBXBuildFile; fileRef = 4EDA84BC2B324495005828BF /* GoogleService-Info.plist */; };
		4EDA84C02B3245AA005828BF /* FirebaseAnalytics in Frameworks */ = {isa = PBXBuildFile; productRef = 4EDA84BF2B3245AA005828BF /* FirebaseAnalytics */; };
		4EDA84C22B3245AA005828BF /* FirebaseAnalyticsOnDeviceConversion in Frameworks */ = {isa = PBXBuildFile; productRef = 4EDA84C12B3245AA005828BF /* FirebaseAnalyticsOnDeviceConversion */; };
		4EDA84C42B3245AA005828BF /* FirebaseAnalyticsSwift in Frameworks */ = {isa = PBXBuildFile; productRef = 4EDA84C32B3245AA005828BF /* FirebaseAnalyticsSwift */; };
		4EDA84C62B3245AA005828BF /* FirebaseAnalyticsWithoutAdIdSupport in Frameworks */ = {isa = PBXBuildFile; productRef = 4EDA84C52B3245AA005828BF /* FirebaseAnalyticsWithoutAdIdSupport */; };
		4EDA84C82B3245AA005828BF /* FirebaseAppCheck in Frameworks */ = {isa = PBXBuildFile; productRef = 4EDA84C72B3245AA005828BF /* FirebaseAppCheck */; };
		4EDA84CA2B3245AA005828BF /* FirebaseAppDistribution-Beta in Frameworks */ = {isa = PBXBuildFile; productRef = 4EDA84C92B3245AA005828BF /* FirebaseAppDistribution-Beta */; };
		4EDA84CC2B3245AA005828BF /* FirebaseAuth in Frameworks */ = {isa = PBXBuildFile; productRef = 4EDA84CB2B3245AA005828BF /* FirebaseAuth */; };
		4EDA84CE2B3245AA005828BF /* FirebaseAuthCombine-Community in Frameworks */ = {isa = PBXBuildFile; productRef = 4EDA84CD2B3245AA005828BF /* FirebaseAuthCombine-Community */; };
		4EDA84D12B3245C9005828BF /* FirebaseFirestore in Frameworks */ = {isa = PBXBuildFile; productRef = 4EDA84D02B3245C9005828BF /* FirebaseFirestore */; };
		4EDA84D32B3245DE005828BF /* FirebaseFirestoreSwift in Frameworks */ = {isa = PBXBuildFile; productRef = 4EDA84D22B3245DE005828BF /* FirebaseFirestoreSwift */; };
		4EDA84D52B3246F5005828BF /* FirebaseStorage in Frameworks */ = {isa = PBXBuildFile; productRef = 4EDA84D42B3246F5005828BF /* FirebaseStorage */; };
		4EDA84D92B33465C005828BF /* CreateUserNameView.swift in Sources */ = {isa = PBXBuildFile; fileRef = 4EDA84D82B33465C005828BF /* CreateUserNameView.swift */; };
		4EDA84DB2B335286005828BF /* CreatePasswordView.swift in Sources */ = {isa = PBXBuildFile; fileRef = 4EDA84DA2B335286005828BF /* CreatePasswordView.swift */; };
		4EDA84DD2B335577005828BF /* CompleteSignUpView.swift in Sources */ = {isa = PBXBuildFile; fileRef = 4EDA84DC2B335577005828BF /* CompleteSignUpView.swift */; };
		4EDA84DF2B348F7A005828BF /* AuthService.swift in Sources */ = {isa = PBXBuildFile; fileRef = 4EDA84DE2B348F7A005828BF /* AuthService.swift */; };
		4EDA84E42B349811005828BF /* ContentViewModel.swift in Sources */ = {isa = PBXBuildFile; fileRef = 4EDA84E32B349811005828BF /* ContentViewModel.swift */; };
		4EDA84E72B34AC6E005828BF /* RegistrationViewModel.swift in Sources */ = {isa = PBXBuildFile; fileRef = 4EDA84E62B34AC6E005828BF /* RegistrationViewModel.swift */; };
		4EDA84E92B35E60D005828BF /* LoginViewModel.swift in Sources */ = {isa = PBXBuildFile; fileRef = 4EDA84E82B35E60D005828BF /* LoginViewModel.swift */; };
		4EDA84EB2B363E2C005828BF /* UserService.swift in Sources */ = {isa = PBXBuildFile; fileRef = 4EDA84EA2B363E2C005828BF /* UserService.swift */; };
		4EDA84EF2B364008005828BF /* SearchViewModel.swift in Sources */ = {isa = PBXBuildFile; fileRef = 4EDA84EE2B364008005828BF /* SearchViewModel.swift */; };
		4EDA84F12B37420D005828BF /* EditProfileView.swift in Sources */ = {isa = PBXBuildFile; fileRef = 4EDA84F02B37420D005828BF /* EditProfileView.swift */; };
		4EDA84F52B374EF6005828BF /* EditProfileViewModel.swift in Sources */ = {isa = PBXBuildFile; fileRef = 4EDA84F42B374EF6005828BF /* EditProfileViewModel.swift */; };
		4EDA84F72B37B066005828BF /* ImageUploader.swift in Sources */ = {isa = PBXBuildFile; fileRef = 4EDA84F62B37B066005828BF /* ImageUploader.swift */; };
		4EDA84FA2B3B6A39005828BF /* Kingfisher in Frameworks */ = {isa = PBXBuildFile; productRef = 4EDA84F92B3B6A39005828BF /* Kingfisher */; };
		4EDA84FC2B3B6B91005828BF /* CircularProfileImageView.swift in Sources */ = {isa = PBXBuildFile; fileRef = 4EDA84FB2B3B6B91005828BF /* CircularProfileImageView.swift */; };
		4EDA85022B3DC92C005828BF /* FeedViewModel.swift in Sources */ = {isa = PBXBuildFile; fileRef = 4EDA85012B3DC92C005828BF /* FeedViewModel.swift */; };
		4EDA85042B3E1BED005828BF /* PostService.swift in Sources */ = {isa = PBXBuildFile; fileRef = 4EDA85032B3E1BED005828BF /* PostService.swift */; };
		4EDA85082B3E22F1005828BF /* PostGridViewModel.swift in Sources */ = {isa = PBXBuildFile; fileRef = 4EDA85072B3E22F0005828BF /* PostGridViewModel.swift */; };
		4EDA850A2B3F0891005828BF /* FeedCellViewModel.swift in Sources */ = {isa = PBXBuildFile; fileRef = 4EDA85092B3F0891005828BF /* FeedCellViewModel.swift */; };
		4EF274B22B49AFAE0057441D /* CommentsView.swift in Sources */ = {isa = PBXBuildFile; fileRef = 4EF274B12B49AFAE0057441D /* CommentsView.swift */; };
		4EF274B42B49AFC30057441D /* CommentCell.swift in Sources */ = {isa = PBXBuildFile; fileRef = 4EF274B32B49AFC30057441D /* CommentCell.swift */; };
		4EF274B62B49F1780057441D /* Comment.swift in Sources */ = {isa = PBXBuildFile; fileRef = 4EF274B52B49F1780057441D /* Comment.swift */; };
		4EF274B82B49F4C90057441D /* CommentService.swift in Sources */ = {isa = PBXBuildFile; fileRef = 4EF274B72B49F4C90057441D /* CommentService.swift */; };
		4EF274BA2B49F4E00057441D /* CommentsViewModel.swift in Sources */ = {isa = PBXBuildFile; fileRef = 4EF274B92B49F4E00057441D /* CommentsViewModel.swift */; };
		4EF274BC2B4A0E880057441D /* DeveloperPreview.swift in Sources */ = {isa = PBXBuildFile; fileRef = 4EF274BB2B4A0E880057441D /* DeveloperPreview.swift */; };
		4EF274BE2B4AEBC20057441D /* Timestamp.swift in Sources */ = {isa = PBXBuildFile; fileRef = 4EF274BD2B4AEBC20057441D /* Timestamp.swift */; };
		4EF274C12B4AEF540057441D /* Constants.swift in Sources */ = {isa = PBXBuildFile; fileRef = 4EF274C02B4AEF540057441D /* Constants.swift */; };
		4EF274C32B4AF9C60057441D /* ProfileViewModel.swift in Sources */ = {isa = PBXBuildFile; fileRef = 4EF274C22B4AF9C60057441D /* ProfileViewModel.swift */; };
		4EF274C52B4C9F8A0057441D /* UserListConfig.swift in Sources */ = {isa = PBXBuildFile; fileRef = 4EF274C42B4C9F8A0057441D /* UserListConfig.swift */; };
		4EF274C72B4CD1AF0057441D /* UserListView.swift in Sources */ = {isa = PBXBuildFile; fileRef = 4EF274C62B4CD1AF0057441D /* UserListView.swift */; };
		4EF274C92B4CD2890057441D /* UserListViewModel.swift in Sources */ = {isa = PBXBuildFile; fileRef = 4EF274C82B4CD2890057441D /* UserListViewModel.swift */; };
		4EF274D02B5025070057441D /* NotificationView.swift in Sources */ = {isa = PBXBuildFile; fileRef = 4EF274CF2B5025070057441D /* NotificationView.swift */; };
		4EF274D22B50251B0057441D /* NotificationCell.swift in Sources */ = {isa = PBXBuildFile; fileRef = 4EF274D12B50251B0057441D /* NotificationCell.swift */; };
		4EF425F52B50650A0058D626 /* LoadingView.swift in Sources */ = {isa = PBXBuildFile; fileRef = 4EF425F42B50650A0058D626 /* LoadingView.swift */; };
		4EF425F92B509D0C0058D626 /* Launch Screen.storyboard in Resources */ = {isa = PBXBuildFile; fileRef = 4EF425F82B509D0C0058D626 /* Launch Screen.storyboard */; };
		4EF425FB2B50B5B30058D626 /* Notification.swift in Sources */ = {isa = PBXBuildFile; fileRef = 4EF425FA2B50B5B30058D626 /* Notification.swift */; };
		4EF425FD2B50B7A60058D626 /* NotificationType.swift in Sources */ = {isa = PBXBuildFile; fileRef = 4EF425FC2B50B7A60058D626 /* NotificationType.swift */; };
		4EF425FF2B50BE710058D626 /* NotificationViewModel.swift in Sources */ = {isa = PBXBuildFile; fileRef = 4EF425FE2B50BE710058D626 /* NotificationViewModel.swift */; };
		4EF426012B5176B10058D626 /* NotificationService.swift in Sources */ = {isa = PBXBuildFile; fileRef = 4EF426002B5176B10058D626 /* NotificationService.swift */; };
		4EF426042B517CD50058D626 /* NotificationManager.swift in Sources */ = {isa = PBXBuildFile; fileRef = 4EF426032B517CD50058D626 /* NotificationManager.swift */; };
/* End PBXBuildFile section */

/* Begin PBXFileReference section */
		4EDA847D2B2D29DB005828BF /* InstagramClone.app */ = {isa = PBXFileReference; explicitFileType = wrapper.application; includeInIndex = 0; path = InstagramClone.app; sourceTree = BUILT_PRODUCTS_DIR; };
		4EDA84802B2D29DB005828BF /* InstagramCloneApp.swift */ = {isa = PBXFileReference; lastKnownFileType = sourcecode.swift; path = InstagramCloneApp.swift; sourceTree = "<group>"; };
		4EDA84822B2D29DB005828BF /* ContentView.swift */ = {isa = PBXFileReference; lastKnownFileType = sourcecode.swift; path = ContentView.swift; sourceTree = "<group>"; };
		4EDA84842B2D29DF005828BF /* Assets.xcassets */ = {isa = PBXFileReference; lastKnownFileType = folder.assetcatalog; path = Assets.xcassets; sourceTree = "<group>"; };
		4EDA84872B2D29DF005828BF /* Preview Assets.xcassets */ = {isa = PBXFileReference; lastKnownFileType = folder.assetcatalog; path = "Preview Assets.xcassets"; sourceTree = "<group>"; };
		4EDA849B2B2D347F005828BF /* MainTabView.swift */ = {isa = PBXFileReference; lastKnownFileType = sourcecode.swift; path = MainTabView.swift; sourceTree = "<group>"; };
		4EDA849D2B2DFDE9005828BF /* ProfileView.swift */ = {isa = PBXFileReference; lastKnownFileType = sourcecode.swift; path = ProfileView.swift; sourceTree = "<group>"; };
		4EDA84A02B2E0E9A005828BF /* UserStatView.swift */ = {isa = PBXFileReference; lastKnownFileType = sourcecode.swift; path = UserStatView.swift; sourceTree = "<group>"; };
		4EDA84A22B2E209E005828BF /* FeedView.swift */ = {isa = PBXFileReference; lastKnownFileType = sourcecode.swift; path = FeedView.swift; sourceTree = "<group>"; };
		4EDA84A42B2E20AF005828BF /* FeedCell.swift */ = {isa = PBXFileReference; lastKnownFileType = sourcecode.swift; path = FeedCell.swift; sourceTree = "<group>"; };
		4EDA84A62B2E6A3C005828BF /* SearchView.swift */ = {isa = PBXFileReference; lastKnownFileType = sourcecode.swift; path = SearchView.swift; sourceTree = "<group>"; };
		4EDA84A82B2E783D005828BF /* LoginView.swift */ = {isa = PBXFileReference; lastKnownFileType = sourcecode.swift; path = LoginView.swift; sourceTree = "<group>"; };
		4EDA84AA2B307F7E005828BF /* AddEmailView.swift */ = {isa = PBXFileReference; lastKnownFileType = sourcecode.swift; path = AddEmailView.swift; sourceTree = "<group>"; };
		4EDA84AC2B308533005828BF /* IGTextFieldModifier.swift */ = {isa = PBXFileReference; lastKnownFileType = sourcecode.swift; path = IGTextFieldModifier.swift; sourceTree = "<group>"; };
		4EDA84AE2B309ACA005828BF /* User.swift */ = {isa = PBXFileReference; lastKnownFileType = sourcecode.swift; path = User.swift; sourceTree = "<group>"; };
		4EDA84B02B30AC60005828BF /* CurrentUserProfileView.swift */ = {isa = PBXFileReference; lastKnownFileType = sourcecode.swift; path = CurrentUserProfileView.swift; sourceTree = "<group>"; };
		4EDA84B22B30E409005828BF /* Post.swift */ = {isa = PBXFileReference; lastKnownFileType = sourcecode.swift; path = Post.swift; sourceTree = "<group>"; };
		4EDA84B42B30F3DF005828BF /* PostGridView.swift */ = {isa = PBXFileReference; lastKnownFileType = sourcecode.swift; path = PostGridView.swift; sourceTree = "<group>"; };
		4EDA84B62B30F6D8005828BF /* ProfileHeaderView.swift */ = {isa = PBXFileReference; lastKnownFileType = sourcecode.swift; path = ProfileHeaderView.swift; sourceTree = "<group>"; };
		4EDA84B82B3112D3005828BF /* UploadPostView.swift */ = {isa = PBXFileReference; lastKnownFileType = sourcecode.swift; path = UploadPostView.swift; sourceTree = "<group>"; };
		4EDA84BA2B3118FA005828BF /* UploadPostViewModel.swift */ = {isa = PBXFileReference; lastKnownFileType = sourcecode.swift; path = UploadPostViewModel.swift; sourceTree = "<group>"; };
		4EDA84BC2B324495005828BF /* GoogleService-Info.plist */ = {isa = PBXFileReference; fileEncoding = 4; lastKnownFileType = text.plist.xml; path = "GoogleService-Info.plist"; sourceTree = "<group>"; };
		4EDA84D82B33465C005828BF /* CreateUserNameView.swift */ = {isa = PBXFileReference; lastKnownFileType = sourcecode.swift; path = CreateUserNameView.swift; sourceTree = "<group>"; };
		4EDA84DA2B335286005828BF /* CreatePasswordView.swift */ = {isa = PBXFileReference; lastKnownFileType = sourcecode.swift; path = CreatePasswordView.swift; sourceTree = "<group>"; };
		4EDA84DC2B335577005828BF /* CompleteSignUpView.swift */ = {isa = PBXFileReference; lastKnownFileType = sourcecode.swift; path = CompleteSignUpView.swift; sourceTree = "<group>"; };
		4EDA84DE2B348F7A005828BF /* AuthService.swift */ = {isa = PBXFileReference; lastKnownFileType = sourcecode.swift; path = AuthService.swift; sourceTree = "<group>"; };
		4EDA84E32B349811005828BF /* ContentViewModel.swift */ = {isa = PBXFileReference; lastKnownFileType = sourcecode.swift; path = ContentViewModel.swift; sourceTree = "<group>"; };
		4EDA84E62B34AC6E005828BF /* RegistrationViewModel.swift */ = {isa = PBXFileReference; lastKnownFileType = sourcecode.swift; path = RegistrationViewModel.swift; sourceTree = "<group>"; };
		4EDA84E82B35E60D005828BF /* LoginViewModel.swift */ = {isa = PBXFileReference; lastKnownFileType = sourcecode.swift; path = LoginViewModel.swift; sourceTree = "<group>"; };
		4EDA84EA2B363E2C005828BF /* UserService.swift */ = {isa = PBXFileReference; lastKnownFileType = sourcecode.swift; path = UserService.swift; sourceTree = "<group>"; };
		4EDA84EE2B364008005828BF /* SearchViewModel.swift */ = {isa = PBXFileReference; lastKnownFileType = sourcecode.swift; path = SearchViewModel.swift; sourceTree = "<group>"; };
		4EDA84F02B37420D005828BF /* EditProfileView.swift */ = {isa = PBXFileReference; lastKnownFileType = sourcecode.swift; path = EditProfileView.swift; sourceTree = "<group>"; };
		4EDA84F42B374EF6005828BF /* EditProfileViewModel.swift */ = {isa = PBXFileReference; lastKnownFileType = sourcecode.swift; path = EditProfileViewModel.swift; sourceTree = "<group>"; };
		4EDA84F62B37B066005828BF /* ImageUploader.swift */ = {isa = PBXFileReference; lastKnownFileType = sourcecode.swift; path = ImageUploader.swift; sourceTree = "<group>"; };
		4EDA84FB2B3B6B91005828BF /* CircularProfileImageView.swift */ = {isa = PBXFileReference; lastKnownFileType = sourcecode.swift; path = CircularProfileImageView.swift; sourceTree = "<group>"; };
		4EDA85012B3DC92C005828BF /* FeedViewModel.swift */ = {isa = PBXFileReference; lastKnownFileType = sourcecode.swift; path = FeedViewModel.swift; sourceTree = "<group>"; };
		4EDA85032B3E1BED005828BF /* PostService.swift */ = {isa = PBXFileReference; lastKnownFileType = sourcecode.swift; path = PostService.swift; sourceTree = "<group>"; };
		4EDA85072B3E22F0005828BF /* PostGridViewModel.swift */ = {isa = PBXFileReference; lastKnownFileType = sourcecode.swift; path = PostGridViewModel.swift; sourceTree = "<group>"; };
		4EDA85092B3F0891005828BF /* FeedCellViewModel.swift */ = {isa = PBXFileReference; lastKnownFileType = sourcecode.swift; path = FeedCellViewModel.swift; sourceTree = "<group>"; };
		4EF274B12B49AFAE0057441D /* CommentsView.swift */ = {isa = PBXFileReference; lastKnownFileType = sourcecode.swift; path = CommentsView.swift; sourceTree = "<group>"; };
		4EF274B32B49AFC30057441D /* CommentCell.swift */ = {isa = PBXFileReference; lastKnownFileType = sourcecode.swift; path = CommentCell.swift; sourceTree = "<group>"; };
		4EF274B52B49F1780057441D /* Comment.swift */ = {isa = PBXFileReference; lastKnownFileType = sourcecode.swift; path = Comment.swift; sourceTree = "<group>"; };
		4EF274B72B49F4C90057441D /* CommentService.swift */ = {isa = PBXFileReference; lastKnownFileType = sourcecode.swift; path = CommentService.swift; sourceTree = "<group>"; };
		4EF274B92B49F4E00057441D /* CommentsViewModel.swift */ = {isa = PBXFileReference; lastKnownFileType = sourcecode.swift; path = CommentsViewModel.swift; sourceTree = "<group>"; };
		4EF274BB2B4A0E880057441D /* DeveloperPreview.swift */ = {isa = PBXFileReference; lastKnownFileType = sourcecode.swift; path = DeveloperPreview.swift; sourceTree = "<group>"; };
		4EF274BD2B4AEBC20057441D /* Timestamp.swift */ = {isa = PBXFileReference; lastKnownFileType = sourcecode.swift; path = Timestamp.swift; sourceTree = "<group>"; };
		4EF274C02B4AEF540057441D /* Constants.swift */ = {isa = PBXFileReference; lastKnownFileType = sourcecode.swift; path = Constants.swift; sourceTree = "<group>"; };
		4EF274C22B4AF9C60057441D /* ProfileViewModel.swift */ = {isa = PBXFileReference; lastKnownFileType = sourcecode.swift; path = ProfileViewModel.swift; sourceTree = "<group>"; };
		4EF274C42B4C9F8A0057441D /* UserListConfig.swift */ = {isa = PBXFileReference; lastKnownFileType = sourcecode.swift; path = UserListConfig.swift; sourceTree = "<group>"; };
		4EF274C62B4CD1AF0057441D /* UserListView.swift */ = {isa = PBXFileReference; lastKnownFileType = sourcecode.swift; path = UserListView.swift; sourceTree = "<group>"; };
		4EF274C82B4CD2890057441D /* UserListViewModel.swift */ = {isa = PBXFileReference; lastKnownFileType = sourcecode.swift; path = UserListViewModel.swift; sourceTree = "<group>"; };
		4EF274CF2B5025070057441D /* NotificationView.swift */ = {isa = PBXFileReference; lastKnownFileType = sourcecode.swift; path = NotificationView.swift; sourceTree = "<group>"; };
		4EF274D12B50251B0057441D /* NotificationCell.swift */ = {isa = PBXFileReference; lastKnownFileType = sourcecode.swift; path = NotificationCell.swift; sourceTree = "<group>"; };
		4EF425F42B50650A0058D626 /* LoadingView.swift */ = {isa = PBXFileReference; lastKnownFileType = sourcecode.swift; path = LoadingView.swift; sourceTree = "<group>"; };
		4EF425F82B509D0C0058D626 /* Launch Screen.storyboard */ = {isa = PBXFileReference; lastKnownFileType = file.storyboard; name = "Launch Screen.storyboard"; path = "Utils/Launch Screen.storyboard"; sourceTree = "<group>"; };
		4EF425FA2B50B5B30058D626 /* Notification.swift */ = {isa = PBXFileReference; lastKnownFileType = sourcecode.swift; path = Notification.swift; sourceTree = "<group>"; };
		4EF425FC2B50B7A60058D626 /* NotificationType.swift */ = {isa = PBXFileReference; lastKnownFileType = sourcecode.swift; path = NotificationType.swift; sourceTree = "<group>"; };
		4EF425FE2B50BE710058D626 /* NotificationViewModel.swift */ = {isa = PBXFileReference; lastKnownFileType = sourcecode.swift; path = NotificationViewModel.swift; sourceTree = "<group>"; };
		4EF426002B5176B10058D626 /* NotificationService.swift */ = {isa = PBXFileReference; lastKnownFileType = sourcecode.swift; path = NotificationService.swift; sourceTree = "<group>"; };
		4EF426032B517CD50058D626 /* NotificationManager.swift */ = {isa = PBXFileReference; lastKnownFileType = sourcecode.swift; path = NotificationManager.swift; sourceTree = "<group>"; };
/* End PBXFileReference section */

/* Begin PBXFrameworksBuildPhase section */
		4EDA847A2B2D29DB005828BF /* Frameworks */ = {
			isa = PBXFrameworksBuildPhase;
			buildActionMask = 2147483647;
			files = (
				4EDA84FA2B3B6A39005828BF /* Kingfisher in Frameworks */,
				4EDA84C42B3245AA005828BF /* FirebaseAnalyticsSwift in Frameworks */,
				4EDA84C02B3245AA005828BF /* FirebaseAnalytics in Frameworks */,
				4EDA84C22B3245AA005828BF /* FirebaseAnalyticsOnDeviceConversion in Frameworks */,
				4EDA84C82B3245AA005828BF /* FirebaseAppCheck in Frameworks */,
				4EDA84C62B3245AA005828BF /* FirebaseAnalyticsWithoutAdIdSupport in Frameworks */,
				4EDA84D32B3245DE005828BF /* FirebaseFirestoreSwift in Frameworks */,
				4EDA84D12B3245C9005828BF /* FirebaseFirestore in Frameworks */,
				4EDA84CC2B3245AA005828BF /* FirebaseAuth in Frameworks */,
				4EDA84D52B3246F5005828BF /* FirebaseStorage in Frameworks */,
				4EDA84CA2B3245AA005828BF /* FirebaseAppDistribution-Beta in Frameworks */,
				4EDA84CE2B3245AA005828BF /* FirebaseAuthCombine-Community in Frameworks */,
			);
			runOnlyForDeploymentPostprocessing = 0;
		};
/* End PBXFrameworksBuildPhase section */

/* Begin PBXGroup section */
		4EDA84742B2D29DB005828BF = {
			isa = PBXGroup;
			children = (
				4EDA847F2B2D29DB005828BF /* InstagramClone */,
				4EDA847E2B2D29DB005828BF /* Products */,
				4EDA84CF2B3245C9005828BF /* Frameworks */,
			);
			sourceTree = "<group>";
		};
		4EDA847E2B2D29DB005828BF /* Products */ = {
			isa = PBXGroup;
			children = (
				4EDA847D2B2D29DB005828BF /* InstagramClone.app */,
			);
			name = Products;
			sourceTree = "<group>";
		};
		4EDA847F2B2D29DB005828BF /* InstagramClone */ = {
			isa = PBXGroup;
			children = (
				4EDA84932B2D2A21005828BF /* App */,
				4EDA84922B2D2A1B005828BF /* Core */,
				4EDA849A2B2D3351005828BF /* Extentions */,
				4EDA848F2B2D2A0B005828BF /* Model */,
				4EDA848E2B2D2A09005828BF /* Services */,
				4EF274BF2B4AEF060057441D /* Utils */,
				4EDA84BC2B324495005828BF /* GoogleService-Info.plist */,
				4EDA84842B2D29DF005828BF /* Assets.xcassets */,
				4EF425F82B509D0C0058D626 /* Launch Screen.storyboard */,
				4EDA84862B2D29DF005828BF /* Preview Content */,
			);
			path = InstagramClone;
			sourceTree = "<group>";
		};
		4EDA84862B2D29DF005828BF /* Preview Content */ = {
			isa = PBXGroup;
			children = (
				4EDA84872B2D29DF005828BF /* Preview Assets.xcassets */,
			);
			path = "Preview Content";
			sourceTree = "<group>";
		};
		4EDA848E2B2D2A09005828BF /* Services */ = {
			isa = PBXGroup;
			children = (
				4EDA84EA2B363E2C005828BF /* UserService.swift */,
				4EDA84F62B37B066005828BF /* ImageUploader.swift */,
				4EDA85032B3E1BED005828BF /* PostService.swift */,
			);
			path = Services;
			sourceTree = "<group>";
		};
		4EDA848F2B2D2A0B005828BF /* Model */ = {
			isa = PBXGroup;
			children = (
				4EDA84AE2B309ACA005828BF /* User.swift */,
				4EDA84B22B30E409005828BF /* Post.swift */,
				4EF274C42B4C9F8A0057441D /* UserListConfig.swift */,
			);
			path = Model;
			sourceTree = "<group>";
		};
		4EDA84922B2D2A1B005828BF /* Core */ = {
			isa = PBXGroup;
			children = (
				4EDA84942B2D2AD3005828BF /* Authentication */,
				4EF274AC2B49AEAC0057441D /* Comments */,
				4EDA849F2B2E0E5A005828BF /* Components */,
				4EDA84952B2D2ADF005828BF /* Feed */,
				4EF274CA2B50244D0057441D /* Notification */,
				4EDA84962B2D2B46005828BF /* Profile */,
				4EDA84E02B34976E005828BF /* Root */,
				4EDA84972B2D2B4A005828BF /* Search */,
				4EDA84992B2D2B85005828BF /* TabBar */,
				4EDA84982B2D2B84005828BF /* UploadPost */,
			);
			path = Core;
			sourceTree = "<group>";
		};
		4EDA84932B2D2A21005828BF /* App */ = {
			isa = PBXGroup;
			children = (
				4EDA84802B2D29DB005828BF /* InstagramCloneApp.swift */,
			);
			path = App;
			sourceTree = "<group>";
		};
		4EDA84942B2D2AD3005828BF /* Authentication */ = {
			isa = PBXGroup;
			children = (
				4EDA84D62B334394005828BF /* View */,
				4EDA84E52B34AC48005828BF /* ViewModel */,
				4EDA84D72B33456B005828BF /* Service */,
			);
			path = Authentication;
			sourceTree = "<group>";
		};
		4EDA84952B2D2ADF005828BF /* Feed */ = {
			isa = PBXGroup;
			children = (
				4EDA85002B3DC7E4005828BF /* View */,
				4EDA84FF2B3DC7D9005828BF /* ViewModel */,
			);
			path = Feed;
			sourceTree = "<group>";
		};
		4EDA84962B2D2B46005828BF /* Profile */ = {
			isa = PBXGroup;
			children = (
				4EDA84F32B374EA7005828BF /* View */,
				4EDA84F22B374E95005828BF /* ViewModel */,
			);
			path = Profile;
			sourceTree = "<group>";
		};
		4EDA84972B2D2B4A005828BF /* Search */ = {
			isa = PBXGroup;
			children = (
				4EDA84ED2B363FCC005828BF /* View */,
				4EDA84EC2B363FCA005828BF /* ViewModel */,
			);
			path = Search;
			sourceTree = "<group>";
		};
		4EDA84982B2D2B84005828BF /* UploadPost */ = {
			isa = PBXGroup;
			children = (
				4EDA84FE2B3B8629005828BF /* View */,
				4EDA84FD2B3B861E005828BF /* ViewModel */,
			);
			path = UploadPost;
			sourceTree = "<group>";
		};
		4EDA84992B2D2B85005828BF /* TabBar */ = {
			isa = PBXGroup;
			children = (
				4EDA849B2B2D347F005828BF /* MainTabView.swift */,
			);
			path = TabBar;
			sourceTree = "<group>";
		};
		4EDA849A2B2D3351005828BF /* Extentions */ = {
			isa = PBXGroup;
			children = (
				4EF274BB2B4A0E880057441D /* DeveloperPreview.swift */,
				4EF274BD2B4AEBC20057441D /* Timestamp.swift */,
			);
			path = Extentions;
			sourceTree = "<group>";
		};
		4EDA849F2B2E0E5A005828BF /* Components */ = {
			isa = PBXGroup;
			children = (
				4EDA85062B3E228D005828BF /* View */,
				4EDA85052B3E226E005828BF /* ViewModel */,
			);
			path = Components;
			sourceTree = "<group>";
		};
		4EDA84CF2B3245C9005828BF /* Frameworks */ = {
			isa = PBXGroup;
			children = (
			);
			name = Frameworks;
			sourceTree = "<group>";
		};
		4EDA84D62B334394005828BF /* View */ = {
			isa = PBXGroup;
			children = (
				4EDA84A82B2E783D005828BF /* LoginView.swift */,
				4EDA84AA2B307F7E005828BF /* AddEmailView.swift */,
				4EDA84D82B33465C005828BF /* CreateUserNameView.swift */,
				4EDA84DA2B335286005828BF /* CreatePasswordView.swift */,
				4EDA84DC2B335577005828BF /* CompleteSignUpView.swift */,
			);
			path = View;
			sourceTree = "<group>";
		};
		4EDA84D72B33456B005828BF /* Service */ = {
			isa = PBXGroup;
			children = (
				4EDA84DE2B348F7A005828BF /* AuthService.swift */,
			);
			path = Service;
			sourceTree = "<group>";
		};
		4EDA84E02B34976E005828BF /* Root */ = {
			isa = PBXGroup;
			children = (
				4EDA84E12B3497B6005828BF /* View */,
				4EDA84E22B3497BE005828BF /* ViewModel */,
			);
			path = Root;
			sourceTree = "<group>";
		};
		4EDA84E12B3497B6005828BF /* View */ = {
			isa = PBXGroup;
			children = (
				4EDA84822B2D29DB005828BF /* ContentView.swift */,
			);
			path = View;
			sourceTree = "<group>";
		};
		4EDA84E22B3497BE005828BF /* ViewModel */ = {
			isa = PBXGroup;
			children = (
				4EDA84E32B349811005828BF /* ContentViewModel.swift */,
			);
			path = ViewModel;
			sourceTree = "<group>";
		};
		4EDA84E52B34AC48005828BF /* ViewModel */ = {
			isa = PBXGroup;
			children = (
				4EDA84E62B34AC6E005828BF /* RegistrationViewModel.swift */,
				4EDA84E82B35E60D005828BF /* LoginViewModel.swift */,
			);
			path = ViewModel;
			sourceTree = "<group>";
		};
		4EDA84EC2B363FCA005828BF /* ViewModel */ = {
			isa = PBXGroup;
			children = (
				4EDA84EE2B364008005828BF /* SearchViewModel.swift */,
			);
			path = ViewModel;
			sourceTree = "<group>";
		};
		4EDA84ED2B363FCC005828BF /* View */ = {
			isa = PBXGroup;
			children = (
				4EDA84A62B2E6A3C005828BF /* SearchView.swift */,
			);
			path = View;
			sourceTree = "<group>";
		};
		4EDA84F22B374E95005828BF /* ViewModel */ = {
			isa = PBXGroup;
			children = (
				4EDA84F42B374EF6005828BF /* EditProfileViewModel.swift */,
				4EF274C22B4AF9C60057441D /* ProfileViewModel.swift */,
			);
			path = ViewModel;
			sourceTree = "<group>";
		};
		4EDA84F32B374EA7005828BF /* View */ = {
			isa = PBXGroup;
			children = (
				4EDA849D2B2DFDE9005828BF /* ProfileView.swift */,
				4EDA84B02B30AC60005828BF /* CurrentUserProfileView.swift */,
				4EDA84B62B30F6D8005828BF /* ProfileHeaderView.swift */,
				4EDA84F02B37420D005828BF /* EditProfileView.swift */,
			);
			path = View;
			sourceTree = "<group>";
		};
		4EDA84FD2B3B861E005828BF /* ViewModel */ = {
			isa = PBXGroup;
			children = (
				4EDA84BA2B3118FA005828BF /* UploadPostViewModel.swift */,
			);
			path = ViewModel;
			sourceTree = "<group>";
		};
		4EDA84FE2B3B8629005828BF /* View */ = {
			isa = PBXGroup;
			children = (
				4EDA84B82B3112D3005828BF /* UploadPostView.swift */,
			);
			path = View;
			sourceTree = "<group>";
		};
		4EDA84FF2B3DC7D9005828BF /* ViewModel */ = {
			isa = PBXGroup;
			children = (
				4EDA85012B3DC92C005828BF /* FeedViewModel.swift */,
				4EDA85092B3F0891005828BF /* FeedCellViewModel.swift */,
			);
			path = ViewModel;
			sourceTree = "<group>";
		};
		4EDA85002B3DC7E4005828BF /* View */ = {
			isa = PBXGroup;
			children = (
				4EDA84A22B2E209E005828BF /* FeedView.swift */,
				4EDA84A42B2E20AF005828BF /* FeedCell.swift */,
			);
			path = View;
			sourceTree = "<group>";
		};
		4EDA85052B3E226E005828BF /* ViewModel */ = {
			isa = PBXGroup;
			children = (
				4EDA85072B3E22F0005828BF /* PostGridViewModel.swift */,
				4EF274C82B4CD2890057441D /* UserListViewModel.swift */,
			);
			path = ViewModel;
			sourceTree = "<group>";
		};
		4EDA85062B3E228D005828BF /* View */ = {
			isa = PBXGroup;
			children = (
				4EDA84A02B2E0E9A005828BF /* UserStatView.swift */,
				4EDA84AC2B308533005828BF /* IGTextFieldModifier.swift */,
				4EDA84B42B30F3DF005828BF /* PostGridView.swift */,
				4EDA84FB2B3B6B91005828BF /* CircularProfileImageView.swift */,
				4EF274C62B4CD1AF0057441D /* UserListView.swift */,
			);
			path = View;
			sourceTree = "<group>";
		};
		4EF274AC2B49AEAC0057441D /* Comments */ = {
			isa = PBXGroup;
			children = (
				4EF274B02B49AED00057441D /* Model */,
				4EF274AF2B49AECE0057441D /* View */,
				4EF274AE2B49AECC0057441D /* ViewModel */,
				4EF274AD2B49AECB0057441D /* Service */,
			);
			path = Comments;
			sourceTree = "<group>";
		};
		4EF274AD2B49AECB0057441D /* Service */ = {
			isa = PBXGroup;
			children = (
				4EF274B72B49F4C90057441D /* CommentService.swift */,
			);
			path = Service;
			sourceTree = "<group>";
		};
		4EF274AE2B49AECC0057441D /* ViewModel */ = {
			isa = PBXGroup;
			children = (
				4EF274B92B49F4E00057441D /* CommentsViewModel.swift */,
			);
			path = ViewModel;
			sourceTree = "<group>";
		};
		4EF274AF2B49AECE0057441D /* View */ = {
			isa = PBXGroup;
			children = (
				4EF274B12B49AFAE0057441D /* CommentsView.swift */,
				4EF274B32B49AFC30057441D /* CommentCell.swift */,
			);
			path = View;
			sourceTree = "<group>";
		};
		4EF274B02B49AED00057441D /* Model */ = {
			isa = PBXGroup;
			children = (
				4EF274B52B49F1780057441D /* Comment.swift */,
			);
			path = Model;
			sourceTree = "<group>";
		};
		4EF274BF2B4AEF060057441D /* Utils */ = {
			isa = PBXGroup;
			children = (
				4EF425F42B50650A0058D626 /* LoadingView.swift */,
				4EF274C02B4AEF540057441D /* Constants.swift */,
			);
			path = Utils;
			sourceTree = "<group>";
		};
		4EF274CA2B50244D0057441D /* Notification */ = {
			isa = PBXGroup;
			children = (
				4EF426022B517CB10058D626 /* Manager */,
				4EF274CE2B5024880057441D /* Model */,
				4EF274CD2B5024860057441D /* View */,
				4EF274CC2B5024840057441D /* ViewModel */,
				4EF274CB2B5024810057441D /* Service */,
			);
			path = Notification;
			sourceTree = "<group>";
		};
		4EF274CB2B5024810057441D /* Service */ = {
			isa = PBXGroup;
			children = (
				4EF426002B5176B10058D626 /* NotificationService.swift */,
			);
			path = Service;
			sourceTree = "<group>";
		};
		4EF274CC2B5024840057441D /* ViewModel */ = {
			isa = PBXGroup;
			children = (
				4EF425FE2B50BE710058D626 /* NotificationViewModel.swift */,
			);
			path = ViewModel;
			sourceTree = "<group>";
		};
		4EF274CD2B5024860057441D /* View */ = {
			isa = PBXGroup;
			children = (
				4EF274CF2B5025070057441D /* NotificationView.swift */,
				4EF274D12B50251B0057441D /* NotificationCell.swift */,
			);
			path = View;
			sourceTree = "<group>";
		};
		4EF274CE2B5024880057441D /* Model */ = {
			isa = PBXGroup;
			children = (
				4EF425FA2B50B5B30058D626 /* Notification.swift */,
				4EF425FC2B50B7A60058D626 /* NotificationType.swift */,
			);
			path = Model;
			sourceTree = "<group>";
		};
		4EF426022B517CB10058D626 /* Manager */ = {
			isa = PBXGroup;
			children = (
				4EF426032B517CD50058D626 /* NotificationManager.swift */,
			);
			path = Manager;
			sourceTree = "<group>";
		};
/* End PBXGroup section */

/* Begin PBXNativeTarget section */
		4EDA847C2B2D29DB005828BF /* InstagramClone */ = {
			isa = PBXNativeTarget;
			buildConfigurationList = 4EDA848B2B2D29DF005828BF /* Build configuration list for PBXNativeTarget "InstagramClone" */;
			buildPhases = (
				4EDA84792B2D29DB005828BF /* Sources */,
				4EDA847A2B2D29DB005828BF /* Frameworks */,
				4EDA847B2B2D29DB005828BF /* Resources */,
			);
			buildRules = (
			);
			dependencies = (
			);
			name = InstagramClone;
			packageProductDependencies = (
				4EDA84BF2B3245AA005828BF /* FirebaseAnalytics */,
				4EDA84C12B3245AA005828BF /* FirebaseAnalyticsOnDeviceConversion */,
				4EDA84C32B3245AA005828BF /* FirebaseAnalyticsSwift */,
				4EDA84C52B3245AA005828BF /* FirebaseAnalyticsWithoutAdIdSupport */,
				4EDA84C72B3245AA005828BF /* FirebaseAppCheck */,
				4EDA84C92B3245AA005828BF /* FirebaseAppDistribution-Beta */,
				4EDA84CB2B3245AA005828BF /* FirebaseAuth */,
				4EDA84CD2B3245AA005828BF /* FirebaseAuthCombine-Community */,
				4EDA84D02B3245C9005828BF /* FirebaseFirestore */,
				4EDA84D22B3245DE005828BF /* FirebaseFirestoreSwift */,
				4EDA84D42B3246F5005828BF /* FirebaseStorage */,
				4EDA84F92B3B6A39005828BF /* Kingfisher */,
			);
			productName = InstagramClone;
			productReference = 4EDA847D2B2D29DB005828BF /* InstagramClone.app */;
			productType = "com.apple.product-type.application";
		};
/* End PBXNativeTarget section */

/* Begin PBXProject section */
		4EDA84752B2D29DB005828BF /* Project object */ = {
			isa = PBXProject;
			attributes = {
				BuildIndependentTargetsInParallel = 1;
				LastSwiftUpdateCheck = 1500;
				LastUpgradeCheck = 1500;
				TargetAttributes = {
					4EDA847C2B2D29DB005828BF = {
						CreatedOnToolsVersion = 15.0;
					};
				};
			};
			buildConfigurationList = 4EDA84782B2D29DB005828BF /* Build configuration list for PBXProject "InstagramClone" */;
			compatibilityVersion = "Xcode 14.0";
			developmentRegion = en;
			hasScannedForEncodings = 0;
			knownRegions = (
				en,
				Base,
			);
			mainGroup = 4EDA84742B2D29DB005828BF;
			packageReferences = (
				4EDA84BE2B3245AA005828BF /* XCRemoteSwiftPackageReference "firebase-ios-sdk" */,
				4EDA84F82B3B6A39005828BF /* XCRemoteSwiftPackageReference "Kingfisher" */,
			);
			productRefGroup = 4EDA847E2B2D29DB005828BF /* Products */;
			projectDirPath = "";
			projectRoot = "";
			targets = (
				4EDA847C2B2D29DB005828BF /* InstagramClone */,
			);
		};
/* End PBXProject section */

/* Begin PBXResourcesBuildPhase section */
		4EDA847B2B2D29DB005828BF /* Resources */ = {
			isa = PBXResourcesBuildPhase;
			buildActionMask = 2147483647;
			files = (
				4EDA84882B2D29DF005828BF /* Preview Assets.xcassets in Resources */,
				4EDA84852B2D29DF005828BF /* Assets.xcassets in Resources */,
				4EF425F92B509D0C0058D626 /* Launch Screen.storyboard in Resources */,
				4EDA84BD2B324495005828BF /* GoogleService-Info.plist in Resources */,
			);
			runOnlyForDeploymentPostprocessing = 0;
		};
/* End PBXResourcesBuildPhase section */

/* Begin PBXSourcesBuildPhase section */
		4EDA84792B2D29DB005828BF /* Sources */ = {
			isa = PBXSourcesBuildPhase;
			buildActionMask = 2147483647;
			files = (
				4EF274C52B4C9F8A0057441D /* UserListConfig.swift in Sources */,
				4EF274BE2B4AEBC20057441D /* Timestamp.swift in Sources */,
				4EDA84A52B2E20AF005828BF /* FeedCell.swift in Sources */,
				4EDA84B92B3112D3005828BF /* UploadPostView.swift in Sources */,
				4EF426012B5176B10058D626 /* NotificationService.swift in Sources */,
				4EF274B22B49AFAE0057441D /* CommentsView.swift in Sources */,
				4EDA849E2B2DFDE9005828BF /* ProfileView.swift in Sources */,
				4EF274D22B50251B0057441D /* NotificationCell.swift in Sources */,
				4EDA84832B2D29DB005828BF /* ContentView.swift in Sources */,
				4EDA84A92B2E783D005828BF /* LoginView.swift in Sources */,
				4EDA84F52B374EF6005828BF /* EditProfileViewModel.swift in Sources */,
				4EF274C12B4AEF540057441D /* Constants.swift in Sources */,
				4EDA84DF2B348F7A005828BF /* AuthService.swift in Sources */,
				4EF274C92B4CD2890057441D /* UserListViewModel.swift in Sources */,
				4EF274B42B49AFC30057441D /* CommentCell.swift in Sources */,
				4EDA84EB2B363E2C005828BF /* UserService.swift in Sources */,
				4EDA84812B2D29DB005828BF /* InstagramCloneApp.swift in Sources */,
				4EDA84B32B30E409005828BF /* Post.swift in Sources */,
				4EDA84DD2B335577005828BF /* CompleteSignUpView.swift in Sources */,
				4EF425FD2B50B7A60058D626 /* NotificationType.swift in Sources */,
				4EDA84AB2B307F7E005828BF /* AddEmailView.swift in Sources */,
				4EF274C72B4CD1AF0057441D /* UserListView.swift in Sources */,
				4EDA84B72B30F6D8005828BF /* ProfileHeaderView.swift in Sources */,
				4EF274BC2B4A0E880057441D /* DeveloperPreview.swift in Sources */,
				4EF274C32B4AF9C60057441D /* ProfileViewModel.swift in Sources */,
				4EDA84A72B2E6A3C005828BF /* SearchView.swift in Sources */,
				4EDA85022B3DC92C005828BF /* FeedViewModel.swift in Sources */,
				4EDA84E42B349811005828BF /* ContentViewModel.swift in Sources */,
				4EDA850A2B3F0891005828BF /* FeedCellViewModel.swift in Sources */,
				4EF274B82B49F4C90057441D /* CommentService.swift in Sources */,
				4EF274BA2B49F4E00057441D /* CommentsViewModel.swift in Sources */,
				4EDA85042B3E1BED005828BF /* PostService.swift in Sources */,
				4EDA84F12B37420D005828BF /* EditProfileView.swift in Sources */,
				4EDA85082B3E22F1005828BF /* PostGridViewModel.swift in Sources */,
				4EDA84E92B35E60D005828BF /* LoginViewModel.swift in Sources */,
				4EDA84F72B37B066005828BF /* ImageUploader.swift in Sources */,
				4EDA84E72B34AC6E005828BF /* RegistrationViewModel.swift in Sources */,
				4EF426042B517CD50058D626 /* NotificationManager.swift in Sources */,
				4EDA84B52B30F3DF005828BF /* PostGridView.swift in Sources */,
				4EF425F52B50650A0058D626 /* LoadingView.swift in Sources */,
				4EF274D02B5025070057441D /* NotificationView.swift in Sources */,
				4EDA84BB2B3118FA005828BF /* UploadPostViewModel.swift in Sources */,
				4EDA84D92B33465C005828BF /* CreateUserNameView.swift in Sources */,
				4EDA84AD2B308533005828BF /* IGTextFieldModifier.swift in Sources */,
				4EDA84AF2B309ACA005828BF /* User.swift in Sources */,
				4EF425FF2B50BE710058D626 /* NotificationViewModel.swift in Sources */,
				4EDA84A12B2E0E9A005828BF /* UserStatView.swift in Sources */,
				4EDA84A32B2E209E005828BF /* FeedView.swift in Sources */,
				4EDA84DB2B335286005828BF /* CreatePasswordView.swift in Sources */,
				4EDA84FC2B3B6B91005828BF /* CircularProfileImageView.swift in Sources */,
				4EDA84EF2B364008005828BF /* SearchViewModel.swift in Sources */,
				4EF274B62B49F1780057441D /* Comment.swift in Sources */,
				4EDA84B12B30AC60005828BF /* CurrentUserProfileView.swift in Sources */,
				4EDA849C2B2D347F005828BF /* MainTabView.swift in Sources */,
				4EF425FB2B50B5B30058D626 /* Notification.swift in Sources */,
			);
			runOnlyForDeploymentPostprocessing = 0;
		};
/* End PBXSourcesBuildPhase section */

/* Begin XCBuildConfiguration section */
		4EDA84892B2D29DF005828BF /* Debug */ = {
			isa = XCBuildConfiguration;
			buildSettings = {
				ALWAYS_SEARCH_USER_PATHS = NO;
				ASSETCATALOG_COMPILER_GENERATE_SWIFT_ASSET_SYMBOL_EXTENSIONS = YES;
				CLANG_ANALYZER_NONNULL = YES;
				CLANG_ANALYZER_NUMBER_OBJECT_CONVERSION = YES_AGGRESSIVE;
				CLANG_CXX_LANGUAGE_STANDARD = "gnu++20";
				CLANG_ENABLE_MODULES = YES;
				CLANG_ENABLE_OBJC_ARC = YES;
				CLANG_ENABLE_OBJC_WEAK = YES;
				CLANG_WARN_BLOCK_CAPTURE_AUTORELEASING = YES;
				CLANG_WARN_BOOL_CONVERSION = YES;
				CLANG_WARN_COMMA = YES;
				CLANG_WARN_CONSTANT_CONVERSION = YES;
				CLANG_WARN_DEPRECATED_OBJC_IMPLEMENTATIONS = YES;
				CLANG_WARN_DIRECT_OBJC_ISA_USAGE = YES_ERROR;
				CLANG_WARN_DOCUMENTATION_COMMENTS = YES;
				CLANG_WARN_EMPTY_BODY = YES;
				CLANG_WARN_ENUM_CONVERSION = YES;
				CLANG_WARN_INFINITE_RECURSION = YES;
				CLANG_WARN_INT_CONVERSION = YES;
				CLANG_WARN_NON_LITERAL_NULL_CONVERSION = YES;
				CLANG_WARN_OBJC_IMPLICIT_RETAIN_SELF = YES;
				CLANG_WARN_OBJC_LITERAL_CONVERSION = YES;
				CLANG_WARN_OBJC_ROOT_CLASS = YES_ERROR;
				CLANG_WARN_QUOTED_INCLUDE_IN_FRAMEWORK_HEADER = YES;
				CLANG_WARN_RANGE_LOOP_ANALYSIS = YES;
				CLANG_WARN_STRICT_PROTOTYPES = YES;
				CLANG_WARN_SUSPICIOUS_MOVE = YES;
				CLANG_WARN_UNGUARDED_AVAILABILITY = YES_AGGRESSIVE;
				CLANG_WARN_UNREACHABLE_CODE = YES;
				CLANG_WARN__DUPLICATE_METHOD_MATCH = YES;
				COPY_PHASE_STRIP = NO;
				DEBUG_INFORMATION_FORMAT = dwarf;
				ENABLE_STRICT_OBJC_MSGSEND = YES;
				ENABLE_TESTABILITY = YES;
				ENABLE_USER_SCRIPT_SANDBOXING = YES;
				GCC_C_LANGUAGE_STANDARD = gnu17;
				GCC_DYNAMIC_NO_PIC = NO;
				GCC_NO_COMMON_BLOCKS = YES;
				GCC_OPTIMIZATION_LEVEL = 0;
				GCC_PREPROCESSOR_DEFINITIONS = (
					"DEBUG=1",
					"$(inherited)",
				);
				GCC_WARN_64_TO_32_BIT_CONVERSION = YES;
				GCC_WARN_ABOUT_RETURN_TYPE = YES_ERROR;
				GCC_WARN_UNDECLARED_SELECTOR = YES;
				GCC_WARN_UNINITIALIZED_AUTOS = YES_AGGRESSIVE;
				GCC_WARN_UNUSED_FUNCTION = YES;
				GCC_WARN_UNUSED_VARIABLE = YES;
				IPHONEOS_DEPLOYMENT_TARGET = 17.0;
				LOCALIZATION_PREFERS_STRING_CATALOGS = YES;
				MTL_ENABLE_DEBUG_INFO = INCLUDE_SOURCE;
				MTL_FAST_MATH = YES;
				ONLY_ACTIVE_ARCH = YES;
				SDKROOT = iphoneos;
				SWIFT_ACTIVE_COMPILATION_CONDITIONS = "DEBUG $(inherited)";
				SWIFT_OPTIMIZATION_LEVEL = "-Onone";
			};
			name = Debug;
		};
		4EDA848A2B2D29DF005828BF /* Release */ = {
			isa = XCBuildConfiguration;
			buildSettings = {
				ALWAYS_SEARCH_USER_PATHS = NO;
				ASSETCATALOG_COMPILER_GENERATE_SWIFT_ASSET_SYMBOL_EXTENSIONS = YES;
				CLANG_ANALYZER_NONNULL = YES;
				CLANG_ANALYZER_NUMBER_OBJECT_CONVERSION = YES_AGGRESSIVE;
				CLANG_CXX_LANGUAGE_STANDARD = "gnu++20";
				CLANG_ENABLE_MODULES = YES;
				CLANG_ENABLE_OBJC_ARC = YES;
				CLANG_ENABLE_OBJC_WEAK = YES;
				CLANG_WARN_BLOCK_CAPTURE_AUTORELEASING = YES;
				CLANG_WARN_BOOL_CONVERSION = YES;
				CLANG_WARN_COMMA = YES;
				CLANG_WARN_CONSTANT_CONVERSION = YES;
				CLANG_WARN_DEPRECATED_OBJC_IMPLEMENTATIONS = YES;
				CLANG_WARN_DIRECT_OBJC_ISA_USAGE = YES_ERROR;
				CLANG_WARN_DOCUMENTATION_COMMENTS = YES;
				CLANG_WARN_EMPTY_BODY = YES;
				CLANG_WARN_ENUM_CONVERSION = YES;
				CLANG_WARN_INFINITE_RECURSION = YES;
				CLANG_WARN_INT_CONVERSION = YES;
				CLANG_WARN_NON_LITERAL_NULL_CONVERSION = YES;
				CLANG_WARN_OBJC_IMPLICIT_RETAIN_SELF = YES;
				CLANG_WARN_OBJC_LITERAL_CONVERSION = YES;
				CLANG_WARN_OBJC_ROOT_CLASS = YES_ERROR;
				CLANG_WARN_QUOTED_INCLUDE_IN_FRAMEWORK_HEADER = YES;
				CLANG_WARN_RANGE_LOOP_ANALYSIS = YES;
				CLANG_WARN_STRICT_PROTOTYPES = YES;
				CLANG_WARN_SUSPICIOUS_MOVE = YES;
				CLANG_WARN_UNGUARDED_AVAILABILITY = YES_AGGRESSIVE;
				CLANG_WARN_UNREACHABLE_CODE = YES;
				CLANG_WARN__DUPLICATE_METHOD_MATCH = YES;
				COPY_PHASE_STRIP = NO;
				DEBUG_INFORMATION_FORMAT = "dwarf-with-dsym";
				ENABLE_NS_ASSERTIONS = NO;
				ENABLE_STRICT_OBJC_MSGSEND = YES;
				ENABLE_USER_SCRIPT_SANDBOXING = YES;
				GCC_C_LANGUAGE_STANDARD = gnu17;
				GCC_NO_COMMON_BLOCKS = YES;
				GCC_WARN_64_TO_32_BIT_CONVERSION = YES;
				GCC_WARN_ABOUT_RETURN_TYPE = YES_ERROR;
				GCC_WARN_UNDECLARED_SELECTOR = YES;
				GCC_WARN_UNINITIALIZED_AUTOS = YES_AGGRESSIVE;
				GCC_WARN_UNUSED_FUNCTION = YES;
				GCC_WARN_UNUSED_VARIABLE = YES;
				IPHONEOS_DEPLOYMENT_TARGET = 17.0;
				LOCALIZATION_PREFERS_STRING_CATALOGS = YES;
				MTL_ENABLE_DEBUG_INFO = NO;
				MTL_FAST_MATH = YES;
				SDKROOT = iphoneos;
				SWIFT_COMPILATION_MODE = wholemodule;
				VALIDATE_PRODUCT = YES;
			};
			name = Release;
		};
		4EDA848C2B2D29DF005828BF /* Debug */ = {
			isa = XCBuildConfiguration;
			buildSettings = {
				ASSETCATALOG_COMPILER_APPICON_NAME = AppIcon;
				ASSETCATALOG_COMPILER_GLOBAL_ACCENT_COLOR_NAME = AccentColor;
				CODE_SIGN_STYLE = Automatic;
				CURRENT_PROJECT_VERSION = 1;
				DEVELOPMENT_ASSET_PATHS = "\"InstagramClone/Preview Content\"";
				DEVELOPMENT_TEAM = 87W96M29JK;
				ENABLE_PREVIEWS = YES;
				GENERATE_INFOPLIST_FILE = YES;
				INFOPLIST_KEY_UIApplicationSceneManifest_Generation = YES;
				INFOPLIST_KEY_UIApplicationSupportsIndirectInputEvents = YES;
				INFOPLIST_KEY_UILaunchScreen_Generation = YES;
				INFOPLIST_KEY_UILaunchStoryboardName = "Launch Screen.storyboard";
				INFOPLIST_KEY_UISupportedInterfaceOrientations_iPad = "UIInterfaceOrientationPortrait UIInterfaceOrientationPortraitUpsideDown UIInterfaceOrientationLandscapeLeft UIInterfaceOrientationLandscapeRight";
				INFOPLIST_KEY_UISupportedInterfaceOrientations_iPhone = "UIInterfaceOrientationPortrait UIInterfaceOrientationLandscapeLeft UIInterfaceOrientationLandscapeRight";
				LD_RUNPATH_SEARCH_PATHS = (
					"$(inherited)",
					"@executable_path/Frameworks",
				);
				MARKETING_VERSION = 1.0;
				PRODUCT_BUNDLE_IDENTIFIER = com.Torres.InstagramClone;
				PRODUCT_NAME = "$(TARGET_NAME)";
				SWIFT_EMIT_LOC_STRINGS = YES;
				SWIFT_VERSION = 5.0;
				TARGETED_DEVICE_FAMILY = "1,2";
			};
			name = Debug;
		};
		4EDA848D2B2D29DF005828BF /* Release */ = {
			isa = XCBuildConfiguration;
			buildSettings = {
				ASSETCATALOG_COMPILER_APPICON_NAME = AppIcon;
				ASSETCATALOG_COMPILER_GLOBAL_ACCENT_COLOR_NAME = AccentColor;
				CODE_SIGN_STYLE = Automatic;
				CURRENT_PROJECT_VERSION = 1;
				DEVELOPMENT_ASSET_PATHS = "\"InstagramClone/Preview Content\"";
				DEVELOPMENT_TEAM = 87W96M29JK;
				ENABLE_PREVIEWS = YES;
				GENERATE_INFOPLIST_FILE = YES;
				INFOPLIST_KEY_UIApplicationSceneManifest_Generation = YES;
				INFOPLIST_KEY_UIApplicationSupportsIndirectInputEvents = YES;
				INFOPLIST_KEY_UILaunchScreen_Generation = YES;
				INFOPLIST_KEY_UILaunchStoryboardName = "Launch Screen.storyboard";
				INFOPLIST_KEY_UISupportedInterfaceOrientations_iPad = "UIInterfaceOrientationPortrait UIInterfaceOrientationPortraitUpsideDown UIInterfaceOrientationLandscapeLeft UIInterfaceOrientationLandscapeRight";
				INFOPLIST_KEY_UISupportedInterfaceOrientations_iPhone = "UIInterfaceOrientationPortrait UIInterfaceOrientationLandscapeLeft UIInterfaceOrientationLandscapeRight";
				LD_RUNPATH_SEARCH_PATHS = (
					"$(inherited)",
					"@executable_path/Frameworks",
				);
				MARKETING_VERSION = 1.0;
				PRODUCT_BUNDLE_IDENTIFIER = com.Torres.InstagramClone;
				PRODUCT_NAME = "$(TARGET_NAME)";
				SWIFT_EMIT_LOC_STRINGS = YES;
				SWIFT_VERSION = 5.0;
				TARGETED_DEVICE_FAMILY = "1,2";
			};
			name = Release;
		};
/* End XCBuildConfiguration section */

/* Begin XCConfigurationList section */
		4EDA84782B2D29DB005828BF /* Build configuration list for PBXProject "InstagramClone" */ = {
			isa = XCConfigurationList;
			buildConfigurations = (
				4EDA84892B2D29DF005828BF /* Debug */,
				4EDA848A2B2D29DF005828BF /* Release */,
			);
			defaultConfigurationIsVisible = 0;
			defaultConfigurationName = Release;
		};
		4EDA848B2B2D29DF005828BF /* Build configuration list for PBXNativeTarget "InstagramClone" */ = {
			isa = XCConfigurationList;
			buildConfigurations = (
				4EDA848C2B2D29DF005828BF /* Debug */,
				4EDA848D2B2D29DF005828BF /* Release */,
			);
			defaultConfigurationIsVisible = 0;
			defaultConfigurationName = Release;
		};
/* End XCConfigurationList section */

/* Begin XCRemoteSwiftPackageReference section */
		4EDA84BE2B3245AA005828BF /* XCRemoteSwiftPackageReference "firebase-ios-sdk" */ = {
			isa = XCRemoteSwiftPackageReference;
			repositoryURL = "https://github.com/firebase/firebase-ios-sdk.git";
			requirement = {
				kind = upToNextMajorVersion;
				minimumVersion = 10.19.1;
			};
		};
		4EDA84F82B3B6A39005828BF /* XCRemoteSwiftPackageReference "Kingfisher" */ = {
			isa = XCRemoteSwiftPackageReference;
			repositoryURL = "https://github.com/onevcat/Kingfisher.git";
			requirement = {
				kind = upToNextMajorVersion;
				minimumVersion = 7.10.1;
			};
		};
/* End XCRemoteSwiftPackageReference section */

/* Begin XCSwiftPackageProductDependency section */
		4EDA84BF2B3245AA005828BF /* FirebaseAnalytics */ = {
			isa = XCSwiftPackageProductDependency;
			package = 4EDA84BE2B3245AA005828BF /* XCRemoteSwiftPackageReference "firebase-ios-sdk" */;
			productName = FirebaseAnalytics;
		};
		4EDA84C12B3245AA005828BF /* FirebaseAnalyticsOnDeviceConversion */ = {
			isa = XCSwiftPackageProductDependency;
			package = 4EDA84BE2B3245AA005828BF /* XCRemoteSwiftPackageReference "firebase-ios-sdk" */;
			productName = FirebaseAnalyticsOnDeviceConversion;
		};
		4EDA84C32B3245AA005828BF /* FirebaseAnalyticsSwift */ = {
			isa = XCSwiftPackageProductDependency;
			package = 4EDA84BE2B3245AA005828BF /* XCRemoteSwiftPackageReference "firebase-ios-sdk" */;
			productName = FirebaseAnalyticsSwift;
		};
		4EDA84C52B3245AA005828BF /* FirebaseAnalyticsWithoutAdIdSupport */ = {
			isa = XCSwiftPackageProductDependency;
			package = 4EDA84BE2B3245AA005828BF /* XCRemoteSwiftPackageReference "firebase-ios-sdk" */;
			productName = FirebaseAnalyticsWithoutAdIdSupport;
		};
		4EDA84C72B3245AA005828BF /* FirebaseAppCheck */ = {
			isa = XCSwiftPackageProductDependency;
			package = 4EDA84BE2B3245AA005828BF /* XCRemoteSwiftPackageReference "firebase-ios-sdk" */;
			productName = FirebaseAppCheck;
		};
		4EDA84C92B3245AA005828BF /* FirebaseAppDistribution-Beta */ = {
			isa = XCSwiftPackageProductDependency;
			package = 4EDA84BE2B3245AA005828BF /* XCRemoteSwiftPackageReference "firebase-ios-sdk" */;
			productName = "FirebaseAppDistribution-Beta";
		};
		4EDA84CB2B3245AA005828BF /* FirebaseAuth */ = {
			isa = XCSwiftPackageProductDependency;
			package = 4EDA84BE2B3245AA005828BF /* XCRemoteSwiftPackageReference "firebase-ios-sdk" */;
			productName = FirebaseAuth;
		};
		4EDA84CD2B3245AA005828BF /* FirebaseAuthCombine-Community */ = {
			isa = XCSwiftPackageProductDependency;
			package = 4EDA84BE2B3245AA005828BF /* XCRemoteSwiftPackageReference "firebase-ios-sdk" */;
			productName = "FirebaseAuthCombine-Community";
		};
		4EDA84D02B3245C9005828BF /* FirebaseFirestore */ = {
			isa = XCSwiftPackageProductDependency;
			package = 4EDA84BE2B3245AA005828BF /* XCRemoteSwiftPackageReference "firebase-ios-sdk" */;
			productName = FirebaseFirestore;
		};
		4EDA84D22B3245DE005828BF /* FirebaseFirestoreSwift */ = {
			isa = XCSwiftPackageProductDependency;
			package = 4EDA84BE2B3245AA005828BF /* XCRemoteSwiftPackageReference "firebase-ios-sdk" */;
			productName = FirebaseFirestoreSwift;
		};
		4EDA84D42B3246F5005828BF /* FirebaseStorage */ = {
			isa = XCSwiftPackageProductDependency;
			package = 4EDA84BE2B3245AA005828BF /* XCRemoteSwiftPackageReference "firebase-ios-sdk" */;
			productName = FirebaseStorage;
		};
		4EDA84F92B3B6A39005828BF /* Kingfisher */ = {
			isa = XCSwiftPackageProductDependency;
			package = 4EDA84F82B3B6A39005828BF /* XCRemoteSwiftPackageReference "Kingfisher" */;
			productName = Kingfisher;
		};
/* End XCSwiftPackageProductDependency section */
	};
	rootObject = 4EDA84752B2D29DB005828BF /* Project object */;
}
